// !$*UTF8*$!
{
	archiveVersion = 1;
	classes = {
	};
	objectVersion = 48;
	objects = {

/* Begin PBXBuildFile section */
		84688CF92298604900A3A26C /* AppDelegate.m in Sources */ = {isa = PBXBuildFile; fileRef = 84688CF82298604900A3A26C /* AppDelegate.m */; };
		84688CFC2298604900A3A26C /* ViewController.m in Sources */ = {isa = PBXBuildFile; fileRef = 84688CFB2298604900A3A26C /* ViewController.m */; };
		84688CFF2298604900A3A26C /* Main.storyboard in Resources */ = {isa = PBXBuildFile; fileRef = 84688CFD2298604900A3A26C /* Main.storyboard */; };
		84688D012298604900A3A26C /* Assets.xcassets in Resources */ = {isa = PBXBuildFile; fileRef = 84688D002298604900A3A26C /* Assets.xcassets */; };
		84688D042298604900A3A26C /* LaunchScreen.storyboard in Resources */ = {isa = PBXBuildFile; fileRef = 84688D022298604900A3A26C /* LaunchScreen.storyboard */; };
		84688D072298604900A3A26C /* main.m in Sources */ = {isa = PBXBuildFile; fileRef = 84688D062298604900A3A26C /* main.m */; };
		84688D102298782F00A3A26C /* ABCView.m in Sources */ = {isa = PBXBuildFile; fileRef = 84688D0F2298782F00A3A26C /* ABCView.m */; };
/* End PBXBuildFile section */

/* Begin PBXFileReference section */
		84688CF42298604900A3A26C /* FirstViewStepsEndMay.app */ = {isa = PBXFileReference; explicitFileType = wrapper.application; includeInIndex = 0; path = FirstViewStepsEndMay.app; sourceTree = BUILT_PRODUCTS_DIR; };
		84688CF72298604900A3A26C /* AppDelegate.h */ = {isa = PBXFileReference; lastKnownFileType = sourcecode.c.h; path = AppDelegate.h; sourceTree = "<group>"; };
		84688CF82298604900A3A26C /* AppDelegate.m */ = {isa = PBXFileReference; lastKnownFileType = sourcecode.c.objc; path = AppDelegate.m; sourceTree = "<group>"; };
		84688CFA2298604900A3A26C /* ViewController.h */ = {isa = PBXFileReference; lastKnownFileType = sourcecode.c.h; path = ViewController.h; sourceTree = "<group>"; };
		84688CFB2298604900A3A26C /* ViewController.m */ = {isa = PBXFileReference; lastKnownFileType = sourcecode.c.objc; path = ViewController.m; sourceTree = "<group>"; };
		84688CFE2298604900A3A26C /* Base */ = {isa = PBXFileReference; lastKnownFileType = file.storyboard; name = Base; path = Base.lproj/Main.storyboard; sourceTree = "<group>"; };
		84688D002298604900A3A26C /* Assets.xcassets */ = {isa = PBXFileReference; lastKnownFileType = folder.assetcatalog; path = Assets.xcassets; sourceTree = "<group>"; };
		84688D032298604900A3A26C /* Base */ = {isa = PBXFileReference; lastKnownFileType = file.storyboard; name = Base; path = Base.lproj/LaunchScreen.storyboard; sourceTree = "<group>"; };
		84688D052298604900A3A26C /* Info.plist */ = {isa = PBXFileReference; lastKnownFileType = text.plist.xml; path = Info.plist; sourceTree = "<group>"; };
		84688D062298604900A3A26C /* main.m */ = {isa = PBXFileReference; lastKnownFileType = sourcecode.c.objc; path = main.m; sourceTree = "<group>"; };
		84688D0E2298782F00A3A26C /* ABCView.h */ = {isa = PBXFileReference; lastKnownFileType = sourcecode.c.h; path = ABCView.h; sourceTree = "<group>"; };
		84688D0F2298782F00A3A26C /* ABCView.m */ = {isa = PBXFileReference; lastKnownFileType = sourcecode.c.objc; path = ABCView.m; sourceTree = "<group>"; };
/* End PBXFileReference section */

/* Begin PBXFrameworksBuildPhase section */
		84688CF12298604900A3A26C /* Frameworks */ = {
			isa = PBXFrameworksBuildPhase;
			buildActionMask = 2147483647;
			files = (
			);
			runOnlyForDeploymentPostprocessing = 0;
		};
/* End PBXFrameworksBuildPhase section */

/* Begin PBXGroup section */
		84688CEB2298604900A3A26C = {
			isa = PBXGroup;
			children = (
				84688CF62298604900A3A26C /* FirstViewStepsEndMay */,
				84688CF52298604900A3A26C /* Products */,
			);
			sourceTree = "<group>";
		};
		84688CF52298604900A3A26C /* Products */ = {
			isa = PBXGroup;
			children = (
				84688CF42298604900A3A26C /* FirstViewStepsEndMay.app */,
			);
			name = Products;
			sourceTree = "<group>";
		};
		84688CF62298604900A3A26C /* FirstViewStepsEndMay */ = {
			isa = PBXGroup;
			children = (
				84688D0D229877CB00A3A26C /* Views */,
				84688CF72298604900A3A26C /* AppDelegate.h */,
				84688CF82298604900A3A26C /* AppDelegate.m */,
				84688CFA2298604900A3A26C /* ViewController.h */,
				84688CFB2298604900A3A26C /* ViewController.m */,
				84688CFD2298604900A3A26C /* Main.storyboard */,
				84688D002298604900A3A26C /* Assets.xcassets */,
				84688D022298604900A3A26C /* LaunchScreen.storyboard */,
				84688D052298604900A3A26C /* Info.plist */,
				84688D062298604900A3A26C /* main.m */,
			);
			path = FirstViewStepsEndMay;
			sourceTree = "<group>";
		};
		84688D0D229877CB00A3A26C /* Views */ = {
			isa = PBXGroup;
			children = (
				84688D0E2298782F00A3A26C /* ABCView.h */,
				84688D0F2298782F00A3A26C /* ABCView.m */,
			);
			name = Views;
			sourceTree = "<group>";
		};
/* End PBXGroup section */

/* Begin PBXNativeTarget section */
		84688CF32298604900A3A26C /* FirstViewStepsEndMay */ = {
			isa = PBXNativeTarget;
			buildConfigurationList = 84688D0A2298604900A3A26C /* Build configuration list for PBXNativeTarget "FirstViewStepsEndMay" */;
			buildPhases = (
				84688CF02298604900A3A26C /* Sources */,
				84688CF12298604900A3A26C /* Frameworks */,
				84688CF22298604900A3A26C /* Resources */,
			);
			buildRules = (
			);
			dependencies = (
			);
			name = FirstViewStepsEndMay;
			productName = FirstViewStepsEndMay;
			productReference = 84688CF42298604900A3A26C /* FirstViewStepsEndMay.app */;
			productType = "com.apple.product-type.application";
		};
/* End PBXNativeTarget section */

/* Begin PBXProject section */
		84688CEC2298604900A3A26C /* Project object */ = {
			isa = PBXProject;
			attributes = {
				LastUpgradeCheck = 1020;
				ORGANIZATIONNAME = admin;
				TargetAttributes = {
					84688CF32298604900A3A26C = {
						CreatedOnToolsVersion = 9.0.1;
						ProvisioningStyle = Automatic;
					};
				};
			};
			buildConfigurationList = 84688CEF2298604900A3A26C /* Build configuration list for PBXProject "FirstViewStepsEndMay" */;
			compatibilityVersion = "Xcode 8.0";
			developmentRegion = en;
			hasScannedForEncodings = 0;
			knownRegions = (
				en,
				Base,
			);
			mainGroup = 84688CEB2298604900A3A26C;
			productRefGroup = 84688CF52298604900A3A26C /* Products */;
			projectDirPath = "";
			projectRoot = "";
			targets = (
				84688CF32298604900A3A26C /* FirstViewStepsEndMay */,
			);
		};
/* End PBXProject section */

/* Begin PBXResourcesBuildPhase section */
		84688CF22298604900A3A26C /* Resources */ = {
			isa = PBXResourcesBuildPhase;
			buildActionMask = 2147483647;
			files = (
				84688D042298604900A3A26C /* LaunchScreen.storyboard in Resources */,
				84688D012298604900A3A26C /* Assets.xcassets in Resources */,
				84688CFF2298604900A3A26C /* Main.storyboard in Resources */,
			);
			runOnlyForDeploymentPostprocessing = 0;
		};
/* End PBXResourcesBuildPhase section */

/* Begin PBXSourcesBuildPhase section */
		84688CF02298604900A3A26C /* Sources */ = {
			isa = PBXSourcesBuildPhase;
			buildActionMask = 2147483647;
			files = (
				84688CFC2298604900A3A26C /* ViewController.m in Sources */,
				84688D102298782F00A3A26C /* ABCView.m in Sources */,
				84688D072298604900A3A26C /* main.m in Sources */,
				84688CF92298604900A3A26C /* AppDelegate.m in Sources */,
			);
			runOnlyForDeploymentPostprocessing = 0;
		};
/* End PBXSourcesBuildPhase section */

/* Begin PBXVariantGroup section */
		84688CFD2298604900A3A26C /* Main.storyboard */ = {
			isa = PBXVariantGroup;
			children = (
				84688CFE2298604900A3A26C /* Base */,
			);
			name = Main.storyboard;
			sourceTree = "<group>";
		};
		84688D022298604900A3A26C /* LaunchScreen.storyboard */ = {
			isa = PBXVariantGroup;
			children = (
				84688D032298604900A3A26C /* Base */,
			);
			name = LaunchScreen.storyboard;
			sourceTree = "<group>";
		};
/* End PBXVariantGroup section */

/* Begin XCBuildConfiguration section */
		84688D082298604900A3A26C /* Debug */ = {
			isa = XCBuildConfiguration;
			buildSettings = {
				ALWAYS_SEARCH_USER_PATHS = NO;
				CLANG_ANALYZER_NONNULL = YES;
				CLANG_ANALYZER_NUMBER_OBJECT_CONVERSION = YES_AGGRESSIVE;
				CLANG_CXX_LANGUAGE_STANDARD = "gnu++14";
				CLANG_CXX_LIBRARY = "libc++";
				CLANG_ENABLE_MODULES = YES;
				CLANG_ENABLE_OBJC_ARC = YES;
				CLANG_WARN_BLOCK_CAPTURE_AUTORELEASING = YES;
				CLANG_WARN_BOOL_CONVERSION = YES;
				CLANG_WARN_COMMA = YES;
				CLANG_WARN_CONSTANT_CONVERSION = YES;
				CLANG_WARN_DEPRECATED_OBJC_IMPLEMENTATIONS = YES;
				CLANG_WARN_DIRECT_OBJC_ISA_USAGE = YES_ERROR;
				CLANG_WARN_DOCUMENTATION_COMMENTS = YES;
				CLANG_WARN_EMPTY_BODY = YES;
				CLANG_WARN_ENUM_CONVERSION = YES;
				CLANG_WARN_INFINITE_RECURSION = YES;
				CLANG_WARN_INT_CONVERSION = YES;
				CLANG_WARN_NON_LITERAL_NULL_CONVERSION = YES;
				CLANG_WARN_OBJC_IMPLICIT_RETAIN_SELF = YES;
				CLANG_WARN_OBJC_LITERAL_CONVERSION = YES;
				CLANG_WARN_OBJC_ROOT_CLASS = YES_ERROR;
				CLANG_WARN_RANGE_LOOP_ANALYSIS = YES;
				CLANG_WARN_STRICT_PROTOTYPES = YES;
				CLANG_WARN_SUSPICIOUS_MOVE = YES;
				CLANG_WARN_UNGUARDED_AVAILABILITY = YES_AGGRESSIVE;
				CLANG_WARN_UNREACHABLE_CODE = YES;
				CLANG_WARN__DUPLICATE_METHOD_MATCH = YES;
				CODE_SIGN_IDENTITY = "iPhone Developer";
				COPY_PHASE_STRIP = NO;
				DEBUG_INFORMATION_FORMAT = dwarf;
				ENABLE_STRICT_OBJC_MSGSEND = YES;
				ENABLE_TESTABILITY = YES;
				GCC_C_LANGUAGE_STANDARD = gnu11;
				GCC_DYNAMIC_NO_PIC = NO;
				GCC_NO_COMMON_BLOCKS = YES;
				GCC_OPTIMIZATION_LEVEL = 0;
				GCC_PREPROCESSOR_DEFINITIONS = (
					"DEBUG=1",
					"$(inherited)",
				);
				GCC_WARN_64_TO_32_BIT_CONVERSION = YES;
				GCC_WARN_ABOUT_RETURN_TYPE = YES_ERROR;
				GCC_WARN_UNDECLARED_SELECTOR = YES;
				GCC_WARN_UNINITIALIZED_AUTOS = YES_AGGRESSIVE;
				GCC_WARN_UNUSED_FUNCTION = YES;
				GCC_WARN_UNUSED_VARIABLE = YES;
				IPHONEOS_DEPLOYMENT_TARGET = 11.0;
				MTL_ENABLE_DEBUG_INFO = YES;
				ONLY_ACTIVE_ARCH = YES;
				SDKROOT = iphoneos;
			};
			name = Debug;
		};
		84688D092298604900A3A26C /* Release */ = {
			isa = XCBuildConfiguration;
			buildSettings = {
				ALWAYS_SEARCH_USER_PATHS = NO;
				CLANG_ANALYZER_NONNULL = YES;
				CLANG_ANALYZER_NUMBER_OBJECT_CONVERSION = YES_AGGRESSIVE;
				CLANG_CXX_LANGUAGE_STANDARD = "gnu++14";
				CLANG_CXX_LIBRARY = "libc++";
				CLANG_ENABLE_MODULES = YES;
				CLANG_ENABLE_OBJC_ARC = YES;
				CLANG_WARN_BLOCK_CAPTURE_AUTORELEASING = YES;
				CLANG_WARN_BOOL_CONVERSION = YES;
				CLANG_WARN_COMMA = YES;
				CLANG_WARN_CONSTANT_CONVERSION = YES;
				CLANG_WARN_DEPRECATED_OBJC_IMPLEMENTATIONS = YES;
				CLANG_WARN_DIRECT_OBJC_ISA_USAGE = YES_ERROR;
				CLANG_WARN_DOCUMENTATION_COMMENTS = YES;
				CLANG_WARN_EMPTY_BODY = YES;
				CLANG_WARN_ENUM_CONVERSION = YES;
				CLANG_WARN_INFINITE_RECURSION = YES;
				CLANG_WARN_INT_CONVERSION = YES;
				CLANG_WARN_NON_LITERAL_NULL_CONVERSION = YES;
				CLANG_WARN_OBJC_IMPLICIT_RETAIN_SELF = YES;
				CLANG_WARN_OBJC_LITERAL_CONVERSION = YES;
				CLANG_WARN_OBJC_ROOT_CLASS = YES_ERROR;
				CLANG_WARN_RANGE_LOOP_ANALYSIS = YES;
				CLANG_WARN_STRICT_PROTOTYPES = YES;
				CLANG_WARN_SUSPICIOUS_MOVE = YES;
				CLANG_WARN_UNGUARDED_AVAILABILITY = YES_AGGRESSIVE;
				CLANG_WARN_UNREACHABLE_CODE = YES;
				CLANG_WARN__DUPLICATE_METHOD_MATCH = YES;
				CODE_SIGN_IDENTITY = "iPhone Developer";
				COPY_PHASE_STRIP = NO;
				DEBUG_INFORMATION_FORMAT = "dwarf-with-dsym";
				ENABLE_NS_ASSERTIONS = NO;
				ENABLE_STRICT_OBJC_MSGSEND = YES;
				GCC_C_LANGUAGE_STANDARD = gnu11;
				GCC_NO_COMMON_BLOCKS = YES;
				GCC_WARN_64_TO_32_BIT_CONVERSION = YES;
				GCC_WARN_ABOUT_RETURN_TYPE = YES_ERROR;
				GCC_WARN_UNDECLARED_SELECTOR = YES;
				GCC_WARN_UNINITIALIZED_AUTOS = YES_AGGRESSIVE;
				GCC_WARN_UNUSED_FUNCTION = YES;
				GCC_WARN_UNUSED_VARIABLE = YES;
				IPHONEOS_DEPLOYMENT_TARGET = 11.0;
				MTL_ENABLE_DEBUG_INFO = NO;
				SDKROOT = iphoneos;
				VALIDATE_PRODUCT = YES;
			};
			name = Release;
		};
		84688D0B2298604900A3A26C /* Debug */ = {
			isa = XCBuildConfiguration;
			buildSettings = {
				ASSETCATALOG_COMPILER_APPICON_NAME = AppIcon;
				CODE_SIGN_STYLE = Automatic;
				INFOPLIST_FILE = FirstViewStepsEndMay/Info.plist;
				LD_RUNPATH_SEARCH_PATHS = "$(inherited) @executable_path/Frameworks";
				PRODUCT_BUNDLE_IDENTIFIER = test.FirstViewStepsEndMay;
				PRODUCT_NAME = "$(TARGET_NAME)";
				TARGETED_DEVICE_FAMILY = "1,2";
			};
			name = Debug;
		};
		84688D0C2298604900A3A26C /* Release */ = {
			isa = XCBuildConfiguration;
			buildSettings = {
				ASSETCATALOG_COMPILER_APPICON_NAME = AppIcon;
				CODE_SIGN_STYLE = Automatic;
				INFOPLIST_FILE = FirstViewStepsEndMay/Info.plist;
				LD_RUNPATH_SEARCH_PATHS = "$(inherited) @executable_path/Frameworks";
				PRODUCT_BUNDLE_IDENTIFIER = test.FirstViewStepsEndMay;
				PRODUCT_NAME = "$(TARGET_NAME)";
				TARGETED_DEVICE_FAMILY = "1,2";
			};
			name = Release;
		};
/* End XCBuildConfiguration section */

/* Begin XCConfigurationList section */
		84688CEF2298604900A3A26C /* Build configuration list for PBXProject "FirstViewStepsEndMay" */ = {
			isa = XCConfigurationList;
			buildConfigurations = (
				84688D082298604900A3A26C /* Debug */,
				84688D092298604900A3A26C /* Release */,
			);
			defaultConfigurationIsVisible = 0;
			defaultConfigurationName = Release;
		};
		84688D0A2298604900A3A26C /* Build configuration list for PBXNativeTarget "FirstViewStepsEndMay" */ = {
			isa = XCConfigurationList;
			buildConfigurations = (
				84688D0B2298604900A3A26C /* Debug */,
				84688D0C2298604900A3A26C /* Release */,
			);
			defaultConfigurationIsVisible = 0;
			defaultConfigurationName = Release;
		};
/* End XCConfigurationList section */
	};
	rootObject = 84688CEC2298604900A3A26C /* Project object */;
}
